// !$*UTF8*$!
{
	archiveVersion = 1;
	classes = {
	};
	objectVersion = 46;
	objects = {

/* Begin PBXBuildFile section */
		3212B9921D67EB2800D43982 /* main.m in Sources */ = {isa = PBXBuildFile; fileRef = 3212B9911D67EB2800D43982 /* main.m */; };
		3212B9951D67EB2800D43982 /* AppDelegate.m in Sources */ = {isa = PBXBuildFile; fileRef = 3212B9941D67EB2800D43982 /* AppDelegate.m */; };
		3212B9981D67EB2800D43982 /* ViewController.m in Sources */ = {isa = PBXBuildFile; fileRef = 3212B9971D67EB2800D43982 /* ViewController.m */; };
		3212B99B1D67EB2800D43982 /* Main.storyboard in Resources */ = {isa = PBXBuildFile; fileRef = 3212B9991D67EB2800D43982 /* Main.storyboard */; };
		3212B99D1D67EB2800D43982 /* Assets.xcassets in Resources */ = {isa = PBXBuildFile; fileRef = 3212B99C1D67EB2800D43982 /* Assets.xcassets */; };
		3212B9A01D67EB2800D43982 /* LaunchScreen.storyboard in Resources */ = {isa = PBXBuildFile; fileRef = 3212B99E1D67EB2800D43982 /* LaunchScreen.storyboard */; };
		3212B9AB1D67EB2800D43982 /* CallBackTests.m in Sources */ = {isa = PBXBuildFile; fileRef = 3212B9AA1D67EB2800D43982 /* CallBackTests.m */; };
		3212B9B61D67EB2800D43982 /* CallBackUITests.m in Sources */ = {isa = PBXBuildFile; fileRef = 3212B9B51D67EB2800D43982 /* CallBackUITests.m */; };
		3212B9C71D67EB3B00D43982 /* UITextField+WF.m in Sources */ = {isa = PBXBuildFile; fileRef = 3212B9C41D67EB3B00D43982 /* UITextField+WF.m */; };
		3212B9C81D67EB3B00D43982 /* QTOpinionViewController.m in Sources */ = {isa = PBXBuildFile; fileRef = 3212B9C61D67EB3B00D43982 /* QTOpinionViewController.m */; };
/* End PBXBuildFile section */

/* Begin PBXContainerItemProxy section */
		3212B9A71D67EB2800D43982 /* PBXContainerItemProxy */ = {
			isa = PBXContainerItemProxy;
			containerPortal = 3212B9851D67EB2800D43982 /* Project object */;
			proxyType = 1;
			remoteGlobalIDString = 3212B98C1D67EB2800D43982;
			remoteInfo = CallBack;
		};
		3212B9B21D67EB2800D43982 /* PBXContainerItemProxy */ = {
			isa = PBXContainerItemProxy;
			containerPortal = 3212B9851D67EB2800D43982 /* Project object */;
			proxyType = 1;
			remoteGlobalIDString = 3212B98C1D67EB2800D43982;
			remoteInfo = CallBack;
		};
/* End PBXContainerItemProxy section */

/* Begin PBXFileReference section */
		3212B98D1D67EB2800D43982 /* CallBack.app */ = {isa = PBXFileReference; explicitFileType = wrapper.application; includeInIndex = 0; path = CallBack.app; sourceTree = BUILT_PRODUCTS_DIR; };
		3212B9911D67EB2800D43982 /* main.m */ = {isa = PBXFileReference; lastKnownFileType = sourcecode.c.objc; path = main.m; sourceTree = "<group>"; };
		3212B9931D67EB2800D43982 /* AppDelegate.h */ = {isa = PBXFileReference; lastKnownFileType = sourcecode.c.h; path = AppDelegate.h; sourceTree = "<group>"; };
		3212B9941D67EB2800D43982 /* AppDelegate.m */ = {isa = PBXFileReference; lastKnownFileType = sourcecode.c.objc; path = AppDelegate.m; sourceTree = "<group>"; };
		3212B9961D67EB2800D43982 /* ViewController.h */ = {isa = PBXFileReference; lastKnownFileType = sourcecode.c.h; path = ViewController.h; sourceTree = "<group>"; };
		3212B9971D67EB2800D43982 /* ViewController.m */ = {isa = PBXFileReference; lastKnownFileType = sourcecode.c.objc; path = ViewController.m; sourceTree = "<group>"; };
		3212B99A1D67EB2800D43982 /* Base */ = {isa = PBXFileReference; lastKnownFileType = file.storyboard; name = Base; path = Base.lproj/Main.storyboard; sourceTree = "<group>"; };
		3212B99C1D67EB2800D43982 /* Assets.xcassets */ = {isa = PBXFileReference; lastKnownFileType = folder.assetcatalog; path = Assets.xcassets; sourceTree = "<group>"; };
		3212B99F1D67EB2800D43982 /* Base */ = {isa = PBXFileReference; lastKnownFileType = file.storyboard; name = Base; path = Base.lproj/LaunchScreen.storyboard; sourceTree = "<group>"; };
		3212B9A11D67EB2800D43982 /* Info.plist */ = {isa = PBXFileReference; lastKnownFileType = text.plist.xml; path = Info.plist; sourceTree = "<group>"; };
		3212B9A61D67EB2800D43982 /* CallBackTests.xctest */ = {isa = PBXFileReference; explicitFileType = wrapper.cfbundle; includeInIndex = 0; path = CallBackTests.xctest; sourceTree = BUILT_PRODUCTS_DIR; };
		3212B9AA1D67EB2800D43982 /* CallBackTests.m */ = {isa = PBXFileReference; lastKnownFileType = sourcecode.c.objc; path = CallBackTests.m; sourceTree = "<group>"; };
		3212B9AC1D67EB2800D43982 /* Info.plist */ = {isa = PBXFileReference; lastKnownFileType = text.plist.xml; path = Info.plist; sourceTree = "<group>"; };
		3212B9B11D67EB2800D43982 /* CallBackUITests.xctest */ = {isa = PBXFileReference; explicitFileType = wrapper.cfbundle; includeInIndex = 0; path = CallBackUITests.xctest; sourceTree = BUILT_PRODUCTS_DIR; };
		3212B9B51D67EB2800D43982 /* CallBackUITests.m */ = {isa = PBXFileReference; lastKnownFileType = sourcecode.c.objc; path = CallBackUITests.m; sourceTree = "<group>"; };
		3212B9B71D67EB2800D43982 /* Info.plist */ = {isa = PBXFileReference; lastKnownFileType = text.plist.xml; path = Info.plist; sourceTree = "<group>"; };
		3212B9C31D67EB3B00D43982 /* UITextField+WF.h */ = {isa = PBXFileReference; fileEncoding = 4; lastKnownFileType = sourcecode.c.h; path = "UITextField+WF.h"; sourceTree = "<group>"; };
		3212B9C41D67EB3B00D43982 /* UITextField+WF.m */ = {isa = PBXFileReference; fileEncoding = 4; lastKnownFileType = sourcecode.c.objc; path = "UITextField+WF.m"; sourceTree = "<group>"; };
		3212B9C51D67EB3B00D43982 /* QTOpinionViewController.h */ = {isa = PBXFileReference; fileEncoding = 4; lastKnownFileType = sourcecode.c.h; path = QTOpinionViewController.h; sourceTree = "<group>"; };
		3212B9C61D67EB3B00D43982 /* QTOpinionViewController.m */ = {isa = PBXFileReference; fileEncoding = 4; lastKnownFileType = sourcecode.c.objc; path = QTOpinionViewController.m; sourceTree = "<group>"; };
/* End PBXFileReference section */

/* Begin PBXFrameworksBuildPhase section */
		3212B98A1D67EB2800D43982 /* Frameworks */ = {
			isa = PBXFrameworksBuildPhase;
			buildActionMask = 2147483647;
			files = (
			);
			runOnlyForDeploymentPostprocessing = 0;
		};
		3212B9A31D67EB2800D43982 /* Frameworks */ = {
			isa = PBXFrameworksBuildPhase;
			buildActionMask = 2147483647;
			files = (
			);
			runOnlyForDeploymentPostprocessing = 0;
		};
		3212B9AE1D67EB2800D43982 /* Frameworks */ = {
			isa = PBXFrameworksBuildPhase;
			buildActionMask = 2147483647;
			files = (
			);
			runOnlyForDeploymentPostprocessing = 0;
		};
/* End PBXFrameworksBuildPhase section */

/* Begin PBXGroup section */
		3212B9841D67EB2800D43982 = {
			isa = PBXGroup;
			children = (
				3212B98F1D67EB2800D43982 /* CallBack */,
				3212B9A91D67EB2800D43982 /* CallBackTests */,
				3212B9B41D67EB2800D43982 /* CallBackUITests */,
				3212B98E1D67EB2800D43982 /* Products */,
			);
			sourceTree = "<group>";
		};
		3212B98E1D67EB2800D43982 /* Products */ = {
			isa = PBXGroup;
			children = (
				3212B98D1D67EB2800D43982 /* CallBack.app */,
				3212B9A61D67EB2800D43982 /* CallBackTests.xctest */,
				3212B9B11D67EB2800D43982 /* CallBackUITests.xctest */,
			);
			name = Products;
			sourceTree = "<group>";
		};
		3212B98F1D67EB2800D43982 /* CallBack */ = {
			isa = PBXGroup;
			children = (
				3212B9C31D67EB3B00D43982 /* UITextField+WF.h */,
				3212B9C41D67EB3B00D43982 /* UITextField+WF.m */,
				3212B9C51D67EB3B00D43982 /* QTOpinionViewController.h */,
				3212B9C61D67EB3B00D43982 /* QTOpinionViewController.m */,
				3212B9931D67EB2800D43982 /* AppDelegate.h */,
				3212B9941D67EB2800D43982 /* AppDelegate.m */,
				3212B9961D67EB2800D43982 /* ViewController.h */,
				3212B9971D67EB2800D43982 /* ViewController.m */,
				3212B9991D67EB2800D43982 /* Main.storyboard */,
				3212B99C1D67EB2800D43982 /* Assets.xcassets */,
				3212B99E1D67EB2800D43982 /* LaunchScreen.storyboard */,
				3212B9A11D67EB2800D43982 /* Info.plist */,
				3212B9901D67EB2800D43982 /* Supporting Files */,
			);
			path = CallBack;
			sourceTree = "<group>";
		};
		3212B9901D67EB2800D43982 /* Supporting Files */ = {
			isa = PBXGroup;
			children = (
				3212B9911D67EB2800D43982 /* main.m */,
			);
			name = "Supporting Files";
			sourceTree = "<group>";
		};
		3212B9A91D67EB2800D43982 /* CallBackTests */ = {
			isa = PBXGroup;
			children = (
				3212B9AA1D67EB2800D43982 /* CallBackTests.m */,
				3212B9AC1D67EB2800D43982 /* Info.plist */,
			);
			path = CallBackTests;
			sourceTree = "<group>";
		};
		3212B9B41D67EB2800D43982 /* CallBackUITests */ = {
			isa = PBXGroup;
			children = (
				3212B9B51D67EB2800D43982 /* CallBackUITests.m */,
				3212B9B71D67EB2800D43982 /* Info.plist */,
			);
			path = CallBackUITests;
			sourceTree = "<group>";
		};
/* End PBXGroup section */

/* Begin PBXNativeTarget section */
		3212B98C1D67EB2800D43982 /* CallBack */ = {
			isa = PBXNativeTarget;
			buildConfigurationList = 3212B9BA1D67EB2800D43982 /* Build configuration list for PBXNativeTarget "CallBack" */;
			buildPhases = (
				3212B9891D67EB2800D43982 /* Sources */,
				3212B98A1D67EB2800D43982 /* Frameworks */,
				3212B98B1D67EB2800D43982 /* Resources */,
			);
			buildRules = (
			);
			dependencies = (
			);
			name = CallBack;
			productName = CallBack;
			productReference = 3212B98D1D67EB2800D43982 /* CallBack.app */;
			productType = "com.apple.product-type.application";
		};
		3212B9A51D67EB2800D43982 /* CallBackTests */ = {
			isa = PBXNativeTarget;
			buildConfigurationList = 3212B9BD1D67EB2800D43982 /* Build configuration list for PBXNativeTarget "CallBackTests" */;
			buildPhases = (
				3212B9A21D67EB2800D43982 /* Sources */,
				3212B9A31D67EB2800D43982 /* Frameworks */,
				3212B9A41D67EB2800D43982 /* Resources */,
			);
			buildRules = (
			);
			dependencies = (
				3212B9A81D67EB2800D43982 /* PBXTargetDependency */,
			);
			name = CallBackTests;
			productName = CallBackTests;
			productReference = 3212B9A61D67EB2800D43982 /* CallBackTests.xctest */;
			productType = "com.apple.product-type.bundle.unit-test";
		};
		3212B9B01D67EB2800D43982 /* CallBackUITests */ = {
			isa = PBXNativeTarget;
			buildConfigurationList = 3212B9C01D67EB2800D43982 /* Build configuration list for PBXNativeTarget "CallBackUITests" */;
			buildPhases = (
				3212B9AD1D67EB2800D43982 /* Sources */,
				3212B9AE1D67EB2800D43982 /* Frameworks */,
				3212B9AF1D67EB2800D43982 /* Resources */,
			);
			buildRules = (
			);
			dependencies = (
				3212B9B31D67EB2800D43982 /* PBXTargetDependency */,
			);
			name = CallBackUITests;
			productName = CallBackUITests;
			productReference = 3212B9B11D67EB2800D43982 /* CallBackUITests.xctest */;
			productType = "com.apple.product-type.bundle.ui-testing";
		};
/* End PBXNativeTarget section */

/* Begin PBXProject section */
		3212B9851D67EB2800D43982 /* Project object */ = {
			isa = PBXProject;
			attributes = {
				LastUpgradeCheck = 0720;
				ORGANIZATIONNAME = wanggang;
				TargetAttributes = {
					3212B98C1D67EB2800D43982 = {
						CreatedOnToolsVersion = 7.2;
					};
					3212B9A51D67EB2800D43982 = {
						CreatedOnToolsVersion = 7.2;
						TestTargetID = 3212B98C1D67EB2800D43982;
					};
					3212B9B01D67EB2800D43982 = {
						CreatedOnToolsVersion = 7.2;
						TestTargetID = 3212B98C1D67EB2800D43982;
					};
				};
			};
			buildConfigurationList = 3212B9881D67EB2800D43982 /* Build configuration list for PBXProject "CallBack" */;
			compatibilityVersion = "Xcode 3.2";
			developmentRegion = English;
			hasScannedForEncodings = 0;
			knownRegions = (
				en,
				Base,
			);
			mainGroup = 3212B9841D67EB2800D43982;
			productRefGroup = 3212B98E1D67EB2800D43982 /* Products */;
			projectDirPath = "";
			projectRoot = "";
			targets = (
				3212B98C1D67EB2800D43982 /* CallBack */,
				3212B9A51D67EB2800D43982 /* CallBackTests */,
				3212B9B01D67EB2800D43982 /* CallBackUITests */,
			);
		};
/* End PBXProject section */

/* Begin PBXResourcesBuildPhase section */
		3212B98B1D67EB2800D43982 /* Resources */ = {
			isa = PBXResourcesBuildPhase;
			buildActionMask = 2147483647;
			files = (
				3212B9A01D67EB2800D43982 /* LaunchScreen.storyboard in Resources */,
				3212B99D1D67EB2800D43982 /* Assets.xcassets in Resources */,
				3212B99B1D67EB2800D43982 /* Main.storyboard in Resources */,
			);
			runOnlyForDeploymentPostprocessing = 0;
		};
		3212B9A41D67EB2800D43982 /* Resources */ = {
			isa = PBXResourcesBuildPhase;
			buildActionMask = 2147483647;
			files = (
			);
			runOnlyForDeploymentPostprocessing = 0;
		};
		3212B9AF1D67EB2800D43982 /* Resources */ = {
			isa = PBXResourcesBuildPhase;
			buildActionMask = 2147483647;
			files = (
			);
			runOnlyForDeploymentPostprocessing = 0;
		};
/* End PBXResourcesBuildPhase section */

/* Begin PBXSourcesBuildPhase section */
		3212B9891D67EB2800D43982 /* Sources */ = {
			isa = PBXSourcesBuildPhase;
			buildActionMask = 2147483647;
			files = (
				3212B9981D67EB2800D43982 /* ViewController.m in Sources */,
				3212B9951D67EB2800D43982 /* AppDelegate.m in Sources */,
				3212B9C71D67EB3B00D43982 /* UITextField+WF.m in Sources */,
				3212B9C81D67EB3B00D43982 /* QTOpinionViewController.m in Sources */,
				3212B9921D67EB2800D43982 /* main.m in Sources */,
			);
			runOnlyForDeploymentPostprocessing = 0;
		};
		3212B9A21D67EB2800D43982 /* Sources */ = {
			isa = PBXSourcesBuildPhase;
			buildActionMask = 2147483647;
			files = (
				3212B9AB1D67EB2800D43982 /* CallBackTests.m in Sources */,
			);
			runOnlyForDeploymentPostprocessing = 0;
		};
		3212B9AD1D67EB2800D43982 /* Sources */ = {
			isa = PBXSourcesBuildPhase;
			buildActionMask = 2147483647;
			files = (
				3212B9B61D67EB2800D43982 /* CallBackUITests.m in Sources */,
			);
			runOnlyForDeploymentPostprocessing = 0;
		};
/* End PBXSourcesBuildPhase section */

/* Begin PBXTargetDependency section */
		3212B9A81D67EB2800D43982 /* PBXTargetDependency */ = {
			isa = PBXTargetDependency;
			target = 3212B98C1D67EB2800D43982 /* CallBack */;
			targetProxy = 3212B9A71D67EB2800D43982 /* PBXContainerItemProxy */;
		};
		3212B9B31D67EB2800D43982 /* PBXTargetDependency */ = {
			isa = PBXTargetDependency;
			target = 3212B98C1D67EB2800D43982 /* CallBack */;
			targetProxy = 3212B9B21D67EB2800D43982 /* PBXContainerItemProxy */;
		};
/* End PBXTargetDependency section */

/* Begin PBXVariantGroup section */
		3212B9991D67EB2800D43982 /* Main.storyboard */ = {
			isa = PBXVariantGroup;
			children = (
				3212B99A1D67EB2800D43982 /* Base */,
			);
			name = Main.storyboard;
			sourceTree = "<group>";
		};
		3212B99E1D67EB2800D43982 /* LaunchScreen.storyboard */ = {
			isa = PBXVariantGroup;
			children = (
				3212B99F1D67EB2800D43982 /* Base */,
			);
			name = LaunchScreen.storyboard;
			sourceTree = "<group>";
		};
/* End PBXVariantGroup section */

/* Begin XCBuildConfiguration section */
		3212B9B81D67EB2800D43982 /* Debug */ = {
			isa = XCBuildConfiguration;
			buildSettings = {
				ALWAYS_SEARCH_USER_PATHS = NO;
				CLANG_CXX_LANGUAGE_STANDARD = "gnu++0x";
				CLANG_CXX_LIBRARY = "libc++";
				CLANG_ENABLE_MODULES = YES;
				CLANG_ENABLE_OBJC_ARC = YES;
				CLANG_WARN_BOOL_CONVERSION = YES;
				CLANG_WARN_CONSTANT_CONVERSION = YES;
				CLANG_WARN_DIRECT_OBJC_ISA_USAGE = YES_ERROR;
				CLANG_WARN_EMPTY_BODY = YES;
				CLANG_WARN_ENUM_CONVERSION = YES;
				CLANG_WARN_INT_CONVERSION = YES;
				CLANG_WARN_OBJC_ROOT_CLASS = YES_ERROR;
				CLANG_WARN_UNREACHABLE_CODE = YES;
				CLANG_WARN__DUPLICATE_METHOD_MATCH = YES;
				"CODE_SIGN_IDENTITY[sdk=iphoneos*]" = "iPhone Developer";
				COPY_PHASE_STRIP = NO;
				DEBUG_INFORMATION_FORMAT = dwarf;
				ENABLE_STRICT_OBJC_MSGSEND = YES;
				ENABLE_TESTABILITY = YES;
				GCC_C_LANGUAGE_STANDARD = gnu99;
				GCC_DYNAMIC_NO_PIC = NO;
				GCC_NO_COMMON_BLOCKS = YES;
				GCC_OPTIMIZATION_LEVEL = 0;
				GCC_PREPROCESSOR_DEFINITIONS = (
					"DEBUG=1",
					"$(inherited)",
				);
				GCC_WARN_64_TO_32_BIT_CONVERSION = YES;
				GCC_WARN_ABOUT_RETURN_TYPE = YES_ERROR;
				GCC_WARN_UNDECLARED_SELECTOR = YES;
				GCC_WARN_UNINITIALIZED_AUTOS = YES_AGGRESSIVE;
				GCC_WARN_UNUSED_FUNCTION = YES;
				GCC_WARN_UNUSED_VARIABLE = YES;
				IPHONEOS_DEPLOYMENT_TARGET = 9.2;
				MTL_ENABLE_DEBUG_INFO = YES;
				ONLY_ACTIVE_ARCH = YES;
				SDKROOT = iphoneos;
				TARGETED_DEVICE_FAMILY = "1,2";
			};
			name = Debug;
		};
		3212B9B91D67EB2800D43982 /* Release */ = {
			isa = XCBuildConfiguration;
			buildSettings = {
				ALWAYS_SEARCH_USER_PATHS = NO;
				CLANG_CXX_LANGUAGE_STANDARD = "gnu++0x";
				CLANG_CXX_LIBRARY = "libc++";
				CLANG_ENABLE_MODULES = YES;
				CLANG_ENABLE_OBJC_ARC = YES;
				CLANG_WARN_BOOL_CONVERSION = YES;
				CLANG_WARN_CONSTANT_CONVERSION = YES;
				CLANG_WARN_DIRECT_OBJC_ISA_USAGE = YES_ERROR;
				CLANG_WARN_EMPTY_BODY = YES;
				CLANG_WARN_ENUM_CONVERSION = YES;
				CLANG_WARN_INT_CONVERSION = YES;
				CLANG_WARN_OBJC_ROOT_CLASS = YES_ERROR;
				CLANG_WARN_UNREACHABLE_CODE = YES;
				CLANG_WARN__DUPLICATE_METHOD_MATCH = YES;
				"CODE_SIGN_IDENTITY[sdk=iphoneos*]" = "iPhone Developer";
				COPY_PHASE_STRIP = NO;
				DEBUG_INFORMATION_FORMAT = "dwarf-with-dsym";
				ENABLE_NS_ASSERTIONS = NO;
				ENABLE_STRICT_OBJC_MSGSEND = YES;
				GCC_C_LANGUAGE_STANDARD = gnu99;
				GCC_NO_COMMON_BLOCKS = YES;
				GCC_WARN_64_TO_32_BIT_CONVERSION = YES;
				GCC_WARN_ABOUT_RETURN_TYPE = YES_ERROR;
				GCC_WARN_UNDECLARED_SELECTOR = YES;
				GCC_WARN_UNINITIALIZED_AUTOS = YES_AGGRESSIVE;
				GCC_WARN_UNUSED_FUNCTION = YES;
				GCC_WARN_UNUSED_VARIABLE = YES;
				IPHONEOS_DEPLOYMENT_TARGET = 9.2;
				MTL_ENABLE_DEBUG_INFO = NO;
				SDKROOT = iphoneos;
				TARGETED_DEVICE_FAMILY = "1,2";
				VALIDATE_PRODUCT = YES;
			};
			name = Release;
		};
		3212B9BB1D67EB2800D43982 /* Debug */ = {
			isa = XCBuildConfiguration;
			buildSettings = {
				ASSETCATALOG_COMPILER_APPICON_NAME = AppIcon;
				INFOPLIST_FILE = CallBack/Info.plist;
				IPHONEOS_DEPLOYMENT_TARGET = 8.4;
				LD_RUNPATH_SEARCH_PATHS = "$(inherited) @executable_path/Frameworks";
				PRODUCT_BUNDLE_IDENTIFIER = "com.dasen.HOOK-APP.CallBack";
				PRODUCT_NAME = "$(TARGET_NAME)";
			};
			name = Debug;
		};
		3212B9BC1D67EB2800D43982 /* Release */ = {
			isa = XCBuildConfiguration;
			buildSettings = {
				ASSETCATALOG_COMPILER_APPICON_NAME = AppIcon;
				INFOPLIST_FILE = CallBack/Info.plist;
				IPHONEOS_DEPLOYMENT_TARGET = 8.4;
				LD_RUNPATH_SEARCH_PATHS = "$(inherited) @executable_path/Frameworks";
				PRODUCT_BUNDLE_IDENTIFIER = "com.dasen.HOOK-APP.CallBack";
				PRODUCT_NAME = "$(TARGET_NAME)";
			};
			name = Release;
		};
		3212B9BE1D67EB2800D43982 /* Debug */ = {
			isa = XCBuildConfiguration;
			buildSettings = {
				BUNDLE_LOADER = "$(TEST_HOST)";
				INFOPLIST_FILE = CallBackTests/Info.plist;
				LD_RUNPATH_SEARCH_PATHS = "$(inherited) @executable_path/Frameworks @loader_path/Frameworks";
				PRODUCT_BUNDLE_IDENTIFIER = "com.dasen.HOOK-APP.CallBackTests";
				PRODUCT_NAME = "$(TARGET_NAME)";
				TEST_HOST = "$(BUILT_PRODUCTS_DIR)/CallBack.app/CallBack";
			};
			name = Debug;
		};
		3212B9BF1D67EB2800D43982 /* Release */ = {
			isa = XCBuildConfiguration;
			buildSettings = {
				BUNDLE_LOADER = "$(TEST_HOST)";
				INFOPLIST_FILE = CallBackTests/Info.plist;
				LD_RUNPATH_SEARCH_PATHS = "$(inherited) @executable_path/Frameworks @loader_path/Frameworks";
				PRODUCT_BUNDLE_IDENTIFIER = "com.dasen.HOOK-APP.CallBackTests";
				PRODUCT_NAME = "$(TARGET_NAME)";
				TEST_HOST = "$(BUILT_PRODUCTS_DIR)/CallBack.app/CallBack";
			};
			name = Release;
		};
		3212B9C11D67EB2800D43982 /* Debug */ = {
			isa = XCBuildConfiguration;
			buildSettings = {
				INFOPLIST_FILE = CallBackUITests/Info.plist;
				LD_RUNPATH_SEARCH_PATHS = "$(inherited) @executable_path/Frameworks @loader_path/Frameworks";
				PRODUCT_BUNDLE_IDENTIFIER = "com.dasen.HOOK-APP.CallBackUITests";
				PRODUCT_NAME = "$(TARGET_NAME)";
				TEST_TARGET_NAME = CallBack;
				USES_XCTRUNNER = YES;
			};
			name = Debug;
		};
		3212B9C21D67EB2800D43982 /* Release */ = {
			isa = XCBuildConfiguration;
			buildSettings = {
				INFOPLIST_FILE = CallBackUITests/Info.plist;
				LD_RUNPATH_SEARCH_PATHS = "$(inherited) @executable_path/Frameworks @loader_path/Frameworks";
				PRODUCT_BUNDLE_IDENTIFIER = "com.dasen.HOOK-APP.CallBackUITests";
				PRODUCT_NAME = "$(TARGET_NAME)";
				TEST_TARGET_NAME = CallBack;
				USES_XCTRUNNER = YES;
			};
			name = Release;
		};
/* End XCBuildConfiguration section */

/* Begin XCConfigurationList section */
		3212B9881D67EB2800D43982 /* Build configuration list for PBXProject "CallBack" */ = {
			isa = XCConfigurationList;
			buildConfigurations = (
				3212B9B81D67EB2800D43982 /* Debug */,
				3212B9B91D67EB2800D43982 /* Release */,
			);
			defaultConfigurationIsVisible = 0;
			defaultConfigurationName = Release;
		};
		3212B9BA1D67EB2800D43982 /* Build configuration list for PBXNativeTarget "CallBack" */ = {
			isa = XCConfigurationList;
			buildConfigurations = (
				3212B9BB1D67EB2800D43982 /* Debug */,
				3212B9BC1D67EB2800D43982 /* Release */,
			);
			defaultConfigurationIsVisible = 0;
			defaultConfigurationName = Release;
		};
		3212B9BD1D67EB2800D43982 /* Build configuration list for PBXNativeTarget "CallBackTests" */ = {
			isa = XCConfigurationList;
			buildConfigurations = (
				3212B9BE1D67EB2800D43982 /* Debug */,
				3212B9BF1D67EB2800D43982 /* Release */,
			);
			defaultConfigurationIsVisible = 0;
			defaultConfigurationName = Release;
		};
		3212B9C01D67EB2800D43982 /* Build configuration list for PBXNativeTarget "CallBackUITests" */ = {
			isa = XCConfigurationList;
			buildConfigurations = (
				3212B9C11D67EB2800D43982 /* Debug */,
				3212B9C21D67EB2800D43982 /* Release */,
			);
			defaultConfigurationIsVisible = 0;
			defaultConfigurationName = Release;
		};
/* End XCConfigurationList section */
	};
	rootObject = 3212B9851D67EB2800D43982 /* Project object */;
}
