// !$*UTF8*$!
{
	archiveVersion = 1;
	classes = {
	};
	objectVersion = 46;
	objects = {

/* Begin PBXBuildFile section */
		18E22BCA1CCE6BEE0088DD84 /* AppDelegate.swift in Sources */ = {isa = PBXBuildFile; fileRef = 18E22BC91CCE6BEE0088DD84 /* AppDelegate.swift */; };
		18E22BCC1CCE6BEE0088DD84 /* ViewController.swift in Sources */ = {isa = PBXBuildFile; fileRef = 18E22BCB1CCE6BEE0088DD84 /* ViewController.swift */; };
		18E22BCF1CCE6BEE0088DD84 /* Main.storyboard in Resources */ = {isa = PBXBuildFile; fileRef = 18E22BCD1CCE6BEE0088DD84 /* Main.storyboard */; };
		18E22BD11CCE6BEE0088DD84 /* Assets.xcassets in Resources */ = {isa = PBXBuildFile; fileRef = 18E22BD01CCE6BEE0088DD84 /* Assets.xcassets */; };
		18E22BD41CCE6BEE0088DD84 /* LaunchScreen.storyboard in Resources */ = {isa = PBXBuildFile; fileRef = 18E22BD21CCE6BEE0088DD84 /* LaunchScreen.storyboard */; };
		18E22BDD1CCE6C030088DD84 /* Person.m in Sources */ = {isa = PBXBuildFile; fileRef = 18E22BDC1CCE6C030088DD84 /* Person.m */; };
		18E22BE11CCE6C690088DD84 /* Dog.m in Sources */ = {isa = PBXBuildFile; fileRef = 18E22BE01CCE6C690088DD84 /* Dog.m */; };
		18E22BE41CCE6CB40088DD84 /* Cat.m in Sources */ = {isa = PBXBuildFile; fileRef = 18E22BE31CCE6CB40088DD84 /* Cat.m */; };
/* End PBXBuildFile section */

/* Begin PBXFileReference section */
		18E22BC61CCE6BEE0088DD84 /* 09-Swift调用OC代码.app */ = {isa = PBXFileReference; explicitFileType = wrapper.application; includeInIndex = 0; path = "09-Swift调用OC代码.app"; sourceTree = BUILT_PRODUCTS_DIR; };
		18E22BC91CCE6BEE0088DD84 /* AppDelegate.swift */ = {isa = PBXFileReference; lastKnownFileType = sourcecode.swift; path = AppDelegate.swift; sourceTree = "<group>"; };
		18E22BCB1CCE6BEE0088DD84 /* ViewController.swift */ = {isa = PBXFileReference; lastKnownFileType = sourcecode.swift; path = ViewController.swift; sourceTree = "<group>"; };
		18E22BCE1CCE6BEE0088DD84 /* Base */ = {isa = PBXFileReference; lastKnownFileType = file.storyboard; name = Base; path = Base.lproj/Main.storyboard; sourceTree = "<group>"; };
		18E22BD01CCE6BEE0088DD84 /* Assets.xcassets */ = {isa = PBXFileReference; lastKnownFileType = folder.assetcatalog; path = Assets.xcassets; sourceTree = "<group>"; };
		18E22BD31CCE6BEE0088DD84 /* Base */ = {isa = PBXFileReference; lastKnownFileType = file.storyboard; name = Base; path = Base.lproj/LaunchScreen.storyboard; sourceTree = "<group>"; };
		18E22BD51CCE6BEE0088DD84 /* Info.plist */ = {isa = PBXFileReference; lastKnownFileType = text.plist.xml; path = Info.plist; sourceTree = "<group>"; };
		18E22BDB1CCE6C030088DD84 /* Person.h */ = {isa = PBXFileReference; fileEncoding = 4; lastKnownFileType = sourcecode.c.h; path = Person.h; sourceTree = "<group>"; };
		18E22BDC1CCE6C030088DD84 /* Person.m */ = {isa = PBXFileReference; fileEncoding = 4; lastKnownFileType = sourcecode.c.objc; path = Person.m; sourceTree = "<group>"; };
		18E22BDE1CCE6C0C0088DD84 /* Bridge.h */ = {isa = PBXFileReference; lastKnownFileType = sourcecode.c.h; path = Bridge.h; sourceTree = "<group>"; };
		18E22BDF1CCE6C690088DD84 /* Dog.h */ = {isa = PBXFileReference; fileEncoding = 4; lastKnownFileType = sourcecode.c.h; path = Dog.h; sourceTree = "<group>"; };
		18E22BE01CCE6C690088DD84 /* Dog.m */ = {isa = PBXFileReference; fileEncoding = 4; lastKnownFileType = sourcecode.c.objc; path = Dog.m; sourceTree = "<group>"; };
		18E22BE21CCE6CB40088DD84 /* Cat.h */ = {isa = PBXFileReference; fileEncoding = 4; lastKnownFileType = sourcecode.c.h; path = Cat.h; sourceTree = "<group>"; };
		18E22BE31CCE6CB40088DD84 /* Cat.m */ = {isa = PBXFileReference; fileEncoding = 4; lastKnownFileType = sourcecode.c.objc; path = Cat.m; sourceTree = "<group>"; };
		18E22BE51CCE6CC40088DD84 /* Common.h */ = {isa = PBXFileReference; lastKnownFileType = sourcecode.c.h; path = Common.h; sourceTree = "<group>"; };
/* End PBXFileReference section */

/* Begin PBXFrameworksBuildPhase section */
		18E22BC31CCE6BEE0088DD84 /* Frameworks */ = {
			isa = PBXFrameworksBuildPhase;
			buildActionMask = 2147483647;
			files = (
			);
			runOnlyForDeploymentPostprocessing = 0;
		};
/* End PBXFrameworksBuildPhase section */

/* Begin PBXGroup section */
		18E22BBD1CCE6BEE0088DD84 = {
			isa = PBXGroup;
			children = (
				18E22BC81CCE6BEE0088DD84 /* 09-Swift调用OC代码 */,
				18E22BC71CCE6BEE0088DD84 /* Products */,
			);
			sourceTree = "<group>";
		};
		18E22BC71CCE6BEE0088DD84 /* Products */ = {
			isa = PBXGroup;
			children = (
				18E22BC61CCE6BEE0088DD84 /* 09-Swift调用OC代码.app */,
			);
			name = Products;
			sourceTree = "<group>";
		};
		18E22BC81CCE6BEE0088DD84 /* 09-Swift调用OC代码 */ = {
			isa = PBXGroup;
			children = (
				18E22BC91CCE6BEE0088DD84 /* AppDelegate.swift */,
				18E22BCB1CCE6BEE0088DD84 /* ViewController.swift */,
				18E22BCD1CCE6BEE0088DD84 /* Main.storyboard */,
				18E22BD01CCE6BEE0088DD84 /* Assets.xcassets */,
				18E22BD21CCE6BEE0088DD84 /* LaunchScreen.storyboard */,
				18E22BD51CCE6BEE0088DD84 /* Info.plist */,
				18E22BDB1CCE6C030088DD84 /* Person.h */,
				18E22BDC1CCE6C030088DD84 /* Person.m */,
				18E22BDE1CCE6C0C0088DD84 /* Bridge.h */,
				18E22BDF1CCE6C690088DD84 /* Dog.h */,
				18E22BE01CCE6C690088DD84 /* Dog.m */,
				18E22BE21CCE6CB40088DD84 /* Cat.h */,
				18E22BE31CCE6CB40088DD84 /* Cat.m */,
				18E22BE51CCE6CC40088DD84 /* Common.h */,
			);
			path = "09-Swift调用OC代码";
			sourceTree = "<group>";
		};
/* End PBXGroup section */

/* Begin PBXNativeTarget section */
		18E22BC51CCE6BEE0088DD84 /* 09-Swift调用OC代码 */ = {
			isa = PBXNativeTarget;
			buildConfigurationList = 18E22BD81CCE6BEE0088DD84 /* Build configuration list for PBXNativeTarget "09-Swift调用OC代码" */;
			buildPhases = (
				18E22BC21CCE6BEE0088DD84 /* Sources */,
				18E22BC31CCE6BEE0088DD84 /* Frameworks */,
				18E22BC41CCE6BEE0088DD84 /* Resources */,
			);
			buildRules = (
			);
			dependencies = (
			);
			name = "09-Swift调用OC代码";
			productName = "09-Swift调用OC代码";
			productReference = 18E22BC61CCE6BEE0088DD84 /* 09-Swift调用OC代码.app */;
			productType = "com.apple.product-type.application";
		};
/* End PBXNativeTarget section */

/* Begin PBXProject section */
		18E22BBE1CCE6BEE0088DD84 /* Project object */ = {
			isa = PBXProject;
			attributes = {
				LastSwiftUpdateCheck = 0720;
				LastUpgradeCheck = 0720;
				ORGANIZATIONNAME = xiaomage;
				TargetAttributes = {
					18E22BC51CCE6BEE0088DD84 = {
						CreatedOnToolsVersion = 7.2;
					};
				};
			};
			buildConfigurationList = 18E22BC11CCE6BEE0088DD84 /* Build configuration list for PBXProject "09-Swift调用OC代码" */;
			compatibilityVersion = "Xcode 3.2";
			developmentRegion = English;
			hasScannedForEncodings = 0;
			knownRegions = (
				en,
				Base,
			);
			mainGroup = 18E22BBD1CCE6BEE0088DD84;
			productRefGroup = 18E22BC71CCE6BEE0088DD84 /* Products */;
			projectDirPath = "";
			projectRoot = "";
			targets = (
				18E22BC51CCE6BEE0088DD84 /* 09-Swift调用OC代码 */,
			);
		};
/* End PBXProject section */

/* Begin PBXResourcesBuildPhase section */
		18E22BC41CCE6BEE0088DD84 /* Resources */ = {
			isa = PBXResourcesBuildPhase;
			buildActionMask = 2147483647;
			files = (
				18E22BD41CCE6BEE0088DD84 /* LaunchScreen.storyboard in Resources */,
				18E22BD11CCE6BEE0088DD84 /* Assets.xcassets in Resources */,
				18E22BCF1CCE6BEE0088DD84 /* Main.storyboard in Resources */,
			);
			runOnlyForDeploymentPostprocessing = 0;
		};
/* End PBXResourcesBuildPhase section */

/* Begin PBXSourcesBuildPhase section */
		18E22BC21CCE6BEE0088DD84 /* Sources */ = {
			isa = PBXSourcesBuildPhase;
			buildActionMask = 2147483647;
			files = (
				18E22BDD1CCE6C030088DD84 /* Person.m in Sources */,
				18E22BCC1CCE6BEE0088DD84 /* ViewController.swift in Sources */,
				18E22BE11CCE6C690088DD84 /* Dog.m in Sources */,
				18E22BCA1CCE6BEE0088DD84 /* AppDelegate.swift in Sources */,
				18E22BE41CCE6CB40088DD84 /* Cat.m in Sources */,
			);
			runOnlyForDeploymentPostprocessing = 0;
		};
/* End PBXSourcesBuildPhase section */

/* Begin PBXVariantGroup section */
		18E22BCD1CCE6BEE0088DD84 /* Main.storyboard */ = {
			isa = PBXVariantGroup;
			children = (
				18E22BCE1CCE6BEE0088DD84 /* Base */,
			);
			name = Main.storyboard;
			sourceTree = "<group>";
		};
		18E22BD21CCE6BEE0088DD84 /* LaunchScreen.storyboard */ = {
			isa = PBXVariantGroup;
			children = (
				18E22BD31CCE6BEE0088DD84 /* Base */,
			);
			name = LaunchScreen.storyboard;
			sourceTree = "<group>";
		};
/* End PBXVariantGroup section */

/* Begin XCBuildConfiguration section */
		18E22BD61CCE6BEE0088DD84 /* Debug */ = {
			isa = XCBuildConfiguration;
			buildSettings = {
				ALWAYS_SEARCH_USER_PATHS = NO;
				CLANG_CXX_LANGUAGE_STANDARD = "gnu++0x";
				CLANG_CXX_LIBRARY = "libc++";
				CLANG_ENABLE_MODULES = YES;
				CLANG_ENABLE_OBJC_ARC = YES;
				CLANG_WARN_BOOL_CONVERSION = YES;
				CLANG_WARN_CONSTANT_CONVERSION = YES;
				CLANG_WARN_DIRECT_OBJC_ISA_USAGE = YES_ERROR;
				CLANG_WARN_EMPTY_BODY = YES;
				CLANG_WARN_ENUM_CONVERSION = YES;
				CLANG_WARN_INT_CONVERSION = YES;
				CLANG_WARN_OBJC_ROOT_CLASS = YES_ERROR;
				CLANG_WARN_UNREACHABLE_CODE = YES;
				CLANG_WARN__DUPLICATE_METHOD_MATCH = YES;
				"CODE_SIGN_IDENTITY[sdk=iphoneos*]" = "iPhone Developer";
				COPY_PHASE_STRIP = NO;
				DEBUG_INFORMATION_FORMAT = dwarf;
				ENABLE_STRICT_OBJC_MSGSEND = YES;
				ENABLE_TESTABILITY = YES;
				GCC_C_LANGUAGE_STANDARD = gnu99;
				GCC_DYNAMIC_NO_PIC = NO;
				GCC_NO_COMMON_BLOCKS = YES;
				GCC_OPTIMIZATION_LEVEL = 0;
				GCC_PREPROCESSOR_DEFINITIONS = (
					"DEBUG=1",
					"$(inherited)",
				);
				GCC_WARN_64_TO_32_BIT_CONVERSION = YES;
				GCC_WARN_ABOUT_RETURN_TYPE = YES_ERROR;
				GCC_WARN_UNDECLARED_SELECTOR = YES;
				GCC_WARN_UNINITIALIZED_AUTOS = YES_AGGRESSIVE;
				GCC_WARN_UNUSED_FUNCTION = YES;
				GCC_WARN_UNUSED_VARIABLE = YES;
				IPHONEOS_DEPLOYMENT_TARGET = 9.2;
				MTL_ENABLE_DEBUG_INFO = YES;
				ONLY_ACTIVE_ARCH = YES;
				SDKROOT = iphoneos;
				SWIFT_OPTIMIZATION_LEVEL = "-Onone";
			};
			name = Debug;
		};
		18E22BD71CCE6BEE0088DD84 /* Release */ = {
			isa = XCBuildConfiguration;
			buildSettings = {
				ALWAYS_SEARCH_USER_PATHS = NO;
				CLANG_CXX_LANGUAGE_STANDARD = "gnu++0x";
				CLANG_CXX_LIBRARY = "libc++";
				CLANG_ENABLE_MODULES = YES;
				CLANG_ENABLE_OBJC_ARC = YES;
				CLANG_WARN_BOOL_CONVERSION = YES;
				CLANG_WARN_CONSTANT_CONVERSION = YES;
				CLANG_WARN_DIRECT_OBJC_ISA_USAGE = YES_ERROR;
				CLANG_WARN_EMPTY_BODY = YES;
				CLANG_WARN_ENUM_CONVERSION = YES;
				CLANG_WARN_INT_CONVERSION = YES;
				CLANG_WARN_OBJC_ROOT_CLASS = YES_ERROR;
				CLANG_WARN_UNREACHABLE_CODE = YES;
				CLANG_WARN__DUPLICATE_METHOD_MATCH = YES;
				"CODE_SIGN_IDENTITY[sdk=iphoneos*]" = "iPhone Developer";
				COPY_PHASE_STRIP = NO;
				DEBUG_INFORMATION_FORMAT = "dwarf-with-dsym";
				ENABLE_NS_ASSERTIONS = NO;
				ENABLE_STRICT_OBJC_MSGSEND = YES;
				GCC_C_LANGUAGE_STANDARD = gnu99;
				GCC_NO_COMMON_BLOCKS = YES;
				GCC_WARN_64_TO_32_BIT_CONVERSION = YES;
				GCC_WARN_ABOUT_RETURN_TYPE = YES_ERROR;
				GCC_WARN_UNDECLARED_SELECTOR = YES;
				GCC_WARN_UNINITIALIZED_AUTOS = YES_AGGRESSIVE;
				GCC_WARN_UNUSED_FUNCTION = YES;
				GCC_WARN_UNUSED_VARIABLE = YES;
				IPHONEOS_DEPLOYMENT_TARGET = 9.2;
				MTL_ENABLE_DEBUG_INFO = NO;
				SDKROOT = iphoneos;
				VALIDATE_PRODUCT = YES;
			};
			name = Release;
		};
		18E22BD91CCE6BEE0088DD84 /* Debug */ = {
			isa = XCBuildConfiguration;
			buildSettings = {
				ASSETCATALOG_COMPILER_APPICON_NAME = AppIcon;
				CLANG_ENABLE_MODULES = YES;
				INFOPLIST_FILE = "09-Swift调用OC代码/Info.plist";
				LD_RUNPATH_SEARCH_PATHS = "$(inherited) @executable_path/Frameworks";
				PRODUCT_BUNDLE_IDENTIFIER = "com.520it.-9-Swift--OC--";
				PRODUCT_NAME = "$(TARGET_NAME)";
				SWIFT_OBJC_BRIDGING_HEADER = "09-Swift调用OC代码/Bridge.h";
				SWIFT_OPTIMIZATION_LEVEL = "-Onone";
			};
			name = Debug;
		};
		18E22BDA1CCE6BEE0088DD84 /* Release */ = {
			isa = XCBuildConfiguration;
			buildSettings = {
				ASSETCATALOG_COMPILER_APPICON_NAME = AppIcon;
				CLANG_ENABLE_MODULES = YES;
				INFOPLIST_FILE = "09-Swift调用OC代码/Info.plist";
				LD_RUNPATH_SEARCH_PATHS = "$(inherited) @executable_path/Frameworks";
				PRODUCT_BUNDLE_IDENTIFIER = "com.520it.-9-Swift--OC--";
				PRODUCT_NAME = "$(TARGET_NAME)";
				SWIFT_OBJC_BRIDGING_HEADER = "09-Swift调用OC代码/Bridge.h";
			};
			name = Release;
		};
/* End XCBuildConfiguration section */

/* Begin XCConfigurationList section */
		18E22BC11CCE6BEE0088DD84 /* Build configuration list for PBXProject "09-Swift调用OC代码" */ = {
			isa = XCConfigurationList;
			buildConfigurations = (
				18E22BD61CCE6BEE0088DD84 /* Debug */,
				18E22BD71CCE6BEE0088DD84 /* Release */,
			);
			defaultConfigurationIsVisible = 0;
			defaultConfigurationName = Release;
		};
		18E22BD81CCE6BEE0088DD84 /* Build configuration list for PBXNativeTarget "09-Swift调用OC代码" */ = {
			isa = XCConfigurationList;
			buildConfigurations = (
				18E22BD91CCE6BEE0088DD84 /* Debug */,
				18E22BDA1CCE6BEE0088DD84 /* Release */,
			);
			defaultConfigurationIsVisible = 0;
		};
/* End XCConfigurationList section */
	};
	rootObject = 18E22BBE1CCE6BEE0088DD84 /* Project object */;
}
